
Microsoft Visual Studio Solution File, Format Version 12.00
# Visual Studio Version 17
VisualStudioVersion = 17.9.34728.123
MinimumVisualStudioVersion = 10.0.40219.1
Project("{FAE04EC0-301F-11D3-BF4B-00C04F79EFBC}") = "MyPatient.Web", "MyPatient.Web\MyPatient.Web.csproj", "{5E923DA5-C332-4E71-8967-2CBB5CEFA708}"
EndProject
Global
	GlobalSection(SolutionConfigurationPlatforms) = preSolution
		Debug|Any CPU = Debug|Any CPU
		Release|Any CPU = Release|Any CPU
	EndGlobalSection
	GlobalSection(ProjectConfigurationPlatforms) = postSolution
		{5E923DA5-C332-4E71-8967-2CBB5CEFA708}.Debug|Any CPU.ActiveCfg = Debug|Any CPU
		{5E923DA5-C332-4E71-8967-2CBB5CEFA708}.Debug|Any CPU.Build.0 = Debug|Any CPU
		{5E923DA5-C332-4E71-8967-2CBB5CEFA708}.Release|Any CPU.ActiveCfg = Release|Any CPU
		{5E923DA5-C332-4E71-8967-2CBB5CEFA708}.Release|Any CPU.Build.0 = Release|Any CPU
	EndGlobalSection
	GlobalSection(SolutionProperties) = preSolution
		HideSolutionNode = FALSE
	EndGlobalSection
	GlobalSection(ExtensibilityGlobals) = postSolution
		SolutionGuid = {2E5ED0DB-EE01-4AD5-8F88-FAA1C91E0655}
	EndGlobalSection
EndGlobal
